// !$*UTF8*$!
{
	archiveVersion = 1;
	classes = {
	};
	objectVersion = 50;
	objects = {

/* Begin PBXBuildFile section */
		1447B186232B349F00F4DA90 /* AppDelegate.swift in Sources */ = {isa = PBXBuildFile; fileRef = 1447B185232B349F00F4DA90 /* AppDelegate.swift */; };
		1447B188232B349F00F4DA90 /* ViewController.swift in Sources */ = {isa = PBXBuildFile; fileRef = 1447B187232B349F00F4DA90 /* ViewController.swift */; };
		1447B18B232B349F00F4DA90 /* Main.storyboard in Resources */ = {isa = PBXBuildFile; fileRef = 1447B189232B349F00F4DA90 /* Main.storyboard */; };
		1447B18D232B34A000F4DA90 /* Assets.xcassets in Resources */ = {isa = PBXBuildFile; fileRef = 1447B18C232B34A000F4DA90 /* Assets.xcassets */; };
		1447B190232B34A000F4DA90 /* LaunchScreen.storyboard in Resources */ = {isa = PBXBuildFile; fileRef = 1447B18E232B34A000F4DA90 /* LaunchScreen.storyboard */; };
		1447B19B232B34A000F4DA90 /* Person_UITests.swift in Sources */ = {isa = PBXBuildFile; fileRef = 1447B19A232B34A000F4DA90 /* Person_UITests.swift */; };
		1447B1A6232B34A000F4DA90 /* Person_UIUITests.swift in Sources */ = {isa = PBXBuildFile; fileRef = 1447B1A5232B34A000F4DA90 /* Person_UIUITests.swift */; };
/* End PBXBuildFile section */

/* Begin PBXContainerItemProxy section */
		1447B197232B34A000F4DA90 /* PBXContainerItemProxy */ = {
			isa = PBXContainerItemProxy;
			containerPortal = 1447B17A232B349F00F4DA90 /* Project object */;
			proxyType = 1;
			remoteGlobalIDString = 1447B181232B349F00F4DA90;
			remoteInfo = "Person UI";
		};
		1447B1A2232B34A000F4DA90 /* PBXContainerItemProxy */ = {
			isa = PBXContainerItemProxy;
			containerPortal = 1447B17A232B349F00F4DA90 /* Project object */;
			proxyType = 1;
			remoteGlobalIDString = 1447B181232B349F00F4DA90;
			remoteInfo = "Person UI";
		};
/* End PBXContainerItemProxy section */

/* Begin PBXFileReference section */
		1447B182232B349F00F4DA90 /* Person UI.app */ = {isa = PBXFileReference; explicitFileType = wrapper.application; includeInIndex = 0; path = "Person UI.app"; sourceTree = BUILT_PRODUCTS_DIR; };
		1447B185232B349F00F4DA90 /* AppDelegate.swift */ = {isa = PBXFileReference; lastKnownFileType = sourcecode.swift; path = AppDelegate.swift; sourceTree = "<group>"; };
		1447B187232B349F00F4DA90 /* ViewController.swift */ = {isa = PBXFileReference; lastKnownFileType = sourcecode.swift; path = ViewController.swift; sourceTree = "<group>"; };
		1447B18A232B349F00F4DA90 /* Base */ = {isa = PBXFileReference; lastKnownFileType = file.storyboard; name = Base; path = Base.lproj/Main.storyboard; sourceTree = "<group>"; };
		1447B18C232B34A000F4DA90 /* Assets.xcassets */ = {isa = PBXFileReference; lastKnownFileType = folder.assetcatalog; path = Assets.xcassets; sourceTree = "<group>"; };
		1447B18F232B34A000F4DA90 /* Base */ = {isa = PBXFileReference; lastKnownFileType = file.storyboard; name = Base; path = Base.lproj/LaunchScreen.storyboard; sourceTree = "<group>"; };
		1447B191232B34A000F4DA90 /* Info.plist */ = {isa = PBXFileReference; lastKnownFileType = text.plist.xml; path = Info.plist; sourceTree = "<group>"; };
		1447B196232B34A000F4DA90 /* Person UITests.xctest */ = {isa = PBXFileReference; explicitFileType = wrapper.cfbundle; includeInIndex = 0; path = "Person UITests.xctest"; sourceTree = BUILT_PRODUCTS_DIR; };
		1447B19A232B34A000F4DA90 /* Person_UITests.swift */ = {isa = PBXFileReference; lastKnownFileType = sourcecode.swift; path = Person_UITests.swift; sourceTree = "<group>"; };
		1447B19C232B34A000F4DA90 /* Info.plist */ = {isa = PBXFileReference; lastKnownFileType = text.plist.xml; path = Info.plist; sourceTree = "<group>"; };
		1447B1A1232B34A000F4DA90 /* Person UIUITests.xctest */ = {isa = PBXFileReference; explicitFileType = wrapper.cfbundle; includeInIndex = 0; path = "Person UIUITests.xctest"; sourceTree = BUILT_PRODUCTS_DIR; };
		1447B1A5232B34A000F4DA90 /* Person_UIUITests.swift */ = {isa = PBXFileReference; lastKnownFileType = sourcecode.swift; path = Person_UIUITests.swift; sourceTree = "<group>"; };
		1447B1A7232B34A000F4DA90 /* Info.plist */ = {isa = PBXFileReference; lastKnownFileType = text.plist.xml; path = Info.plist; sourceTree = "<group>"; };
/* End PBXFileReference section */

/* Begin PBXFrameworksBuildPhase section */
		1447B17F232B349F00F4DA90 /* Frameworks */ = {
			isa = PBXFrameworksBuildPhase;
			buildActionMask = 2147483647;
			files = (
			);
			runOnlyForDeploymentPostprocessing = 0;
		};
		1447B193232B34A000F4DA90 /* Frameworks */ = {
			isa = PBXFrameworksBuildPhase;
			buildActionMask = 2147483647;
			files = (
			);
			runOnlyForDeploymentPostprocessing = 0;
		};
		1447B19E232B34A000F4DA90 /* Frameworks */ = {
			isa = PBXFrameworksBuildPhase;
			buildActionMask = 2147483647;
			files = (
			);
			runOnlyForDeploymentPostprocessing = 0;
		};
/* End PBXFrameworksBuildPhase section */

/* Begin PBXGroup section */
		1447B179232B349F00F4DA90 = {
			isa = PBXGroup;
			children = (
				1447B184232B349F00F4DA90 /* Person UI */,
				1447B199232B34A000F4DA90 /* Person UITests */,
				1447B1A4232B34A000F4DA90 /* Person UIUITests */,
				1447B183232B349F00F4DA90 /* Products */,
			);
			sourceTree = "<group>";
		};
		1447B183232B349F00F4DA90 /* Products */ = {
			isa = PBXGroup;
			children = (
				1447B182232B349F00F4DA90 /* Person UI.app */,
				1447B196232B34A000F4DA90 /* Person UITests.xctest */,
				1447B1A1232B34A000F4DA90 /* Person UIUITests.xctest */,
			);
			name = Products;
			sourceTree = "<group>";
		};
		1447B184232B349F00F4DA90 /* Person UI */ = {
			isa = PBXGroup;
			children = (
				1447B185232B349F00F4DA90 /* AppDelegate.swift */,
				1447B187232B349F00F4DA90 /* ViewController.swift */,
				1447B189232B349F00F4DA90 /* Main.storyboard */,
				1447B18C232B34A000F4DA90 /* Assets.xcassets */,
				1447B18E232B34A000F4DA90 /* LaunchScreen.storyboard */,
				1447B191232B34A000F4DA90 /* Info.plist */,
			);
			path = "Person UI";
			sourceTree = "<group>";
		};
		1447B199232B34A000F4DA90 /* Person UITests */ = {
			isa = PBXGroup;
			children = (
				1447B19A232B34A000F4DA90 /* Person_UITests.swift */,
				1447B19C232B34A000F4DA90 /* Info.plist */,
			);
			path = "Person UITests";
			sourceTree = "<group>";
		};
		1447B1A4232B34A000F4DA90 /* Person UIUITests */ = {
			isa = PBXGroup;
			children = (
				1447B1A5232B34A000F4DA90 /* Person_UIUITests.swift */,
				1447B1A7232B34A000F4DA90 /* Info.plist */,
			);
			path = "Person UIUITests";
			sourceTree = "<group>";
		};
/* End PBXGroup section */

/* Begin PBXNativeTarget section */
		1447B181232B349F00F4DA90 /* Person UI */ = {
			isa = PBXNativeTarget;
			buildConfigurationList = 1447B1AA232B34A000F4DA90 /* Build configuration list for PBXNativeTarget "Person UI" */;
			buildPhases = (
				1447B17E232B349F00F4DA90 /* Sources */,
				1447B17F232B349F00F4DA90 /* Frameworks */,
				1447B180232B349F00F4DA90 /* Resources */,
			);
			buildRules = (
			);
			dependencies = (
			);
			name = "Person UI";
			productName = "Person UI";
			productReference = 1447B182232B349F00F4DA90 /* Person UI.app */;
			productType = "com.apple.product-type.application";
		};
		1447B195232B34A000F4DA90 /* Person UITests */ = {
			isa = PBXNativeTarget;
			buildConfigurationList = 1447B1AD232B34A000F4DA90 /* Build configuration list for PBXNativeTarget "Person UITests" */;
			buildPhases = (
				1447B192232B34A000F4DA90 /* Sources */,
				1447B193232B34A000F4DA90 /* Frameworks */,
				1447B194232B34A000F4DA90 /* Resources */,
			);
			buildRules = (
			);
			dependencies = (
				1447B198232B34A000F4DA90 /* PBXTargetDependency */,
			);
			name = "Person UITests";
			productName = "Person UITests";
			productReference = 1447B196232B34A000F4DA90 /* Person UITests.xctest */;
			productType = "com.apple.product-type.bundle.unit-test";
		};
		1447B1A0232B34A000F4DA90 /* Person UIUITests */ = {
			isa = PBXNativeTarget;
			buildConfigurationList = 1447B1B0232B34A000F4DA90 /* Build configuration list for PBXNativeTarget "Person UIUITests" */;
			buildPhases = (
				1447B19D232B34A000F4DA90 /* Sources */,
				1447B19E232B34A000F4DA90 /* Frameworks */,
				1447B19F232B34A000F4DA90 /* Resources */,
			);
			buildRules = (
			);
			dependencies = (
				1447B1A3232B34A000F4DA90 /* PBXTargetDependency */,
			);
			name = "Person UIUITests";
			productName = "Person UIUITests";
			productReference = 1447B1A1232B34A000F4DA90 /* Person UIUITests.xctest */;
			productType = "com.apple.product-type.bundle.ui-testing";
		};
/* End PBXNativeTarget section */

/* Begin PBXProject section */
		1447B17A232B349F00F4DA90 /* Project object */ = {
			isa = PBXProject;
			attributes = {
				LastSwiftUpdateCheck = 1030;
				LastUpgradeCheck = 1030;
				ORGANIZATIONNAME = "Armaja LaRue-Hill";
				TargetAttributes = {
					1447B181232B349F00F4DA90 = {
						CreatedOnToolsVersion = 10.3;
					};
					1447B195232B34A000F4DA90 = {
						CreatedOnToolsVersion = 10.3;
						TestTargetID = 1447B181232B349F00F4DA90;
					};
					1447B1A0232B34A000F4DA90 = {
						CreatedOnToolsVersion = 10.3;
						TestTargetID = 1447B181232B349F00F4DA90;
					};
				};
			};
			buildConfigurationList = 1447B17D232B349F00F4DA90 /* Build configuration list for PBXProject "Person UI" */;
			compatibilityVersion = "Xcode 9.3";
			developmentRegion = en;
			hasScannedForEncodings = 0;
			knownRegions = (
				en,
				Base,
			);
			mainGroup = 1447B179232B349F00F4DA90;
			productRefGroup = 1447B183232B349F00F4DA90 /* Products */;
			projectDirPath = "";
			projectRoot = "";
			targets = (
				1447B181232B349F00F4DA90 /* Person UI */,
				1447B195232B34A000F4DA90 /* Person UITests */,
				1447B1A0232B34A000F4DA90 /* Person UIUITests */,
			);
		};
/* End PBXProject section */

/* Begin PBXResourcesBuildPhase section */
		1447B180232B349F00F4DA90 /* Resources */ = {
			isa = PBXResourcesBuildPhase;
			buildActionMask = 2147483647;
			files = (
				1447B190232B34A000F4DA90 /* LaunchScreen.storyboard in Resources */,
				1447B18D232B34A000F4DA90 /* Assets.xcassets in Resources */,
				1447B18B232B349F00F4DA90 /* Main.storyboard in Resources */,
			);
			runOnlyForDeploymentPostprocessing = 0;
		};
		1447B194232B34A000F4DA90 /* Resources */ = {
			isa = PBXResourcesBuildPhase;
			buildActionMask = 2147483647;
			files = (
			);
			runOnlyForDeploymentPostprocessing = 0;
		};
		1447B19F232B34A000F4DA90 /* Resources */ = {
			isa = PBXResourcesBuildPhase;
			buildActionMask = 2147483647;
			files = (
			);
			runOnlyForDeploymentPostprocessing = 0;
		};
/* End PBXResourcesBuildPhase section */

/* Begin PBXSourcesBuildPhase section */
		1447B17E232B349F00F4DA90 /* Sources */ = {
			isa = PBXSourcesBuildPhase;
			buildActionMask = 2147483647;
			files = (
				1447B188232B349F00F4DA90 /* ViewController.swift in Sources */,
				1447B186232B349F00F4DA90 /* AppDelegate.swift in Sources */,
			);
			runOnlyForDeploymentPostprocessing = 0;
		};
		1447B192232B34A000F4DA90 /* Sources */ = {
			isa = PBXSourcesBuildPhase;
			buildActionMask = 2147483647;
			files = (
				1447B19B232B34A000F4DA90 /* Person_UITests.swift in Sources */,
			);
			runOnlyForDeploymentPostprocessing = 0;
		};
		1447B19D232B34A000F4DA90 /* Sources */ = {
			isa = PBXSourcesBuildPhase;
			buildActionMask = 2147483647;
			files = (
				1447B1A6232B34A000F4DA90 /* Person_UIUITests.swift in Sources */,
			);
			runOnlyForDeploymentPostprocessing = 0;
		};
/* End PBXSourcesBuildPhase section */

/* Begin PBXTargetDependency section */
		1447B198232B34A000F4DA90 /* PBXTargetDependency */ = {
			isa = PBXTargetDependency;
			target = 1447B181232B349F00F4DA90 /* Person UI */;
			targetProxy = 1447B197232B34A000F4DA90 /* PBXContainerItemProxy */;
		};
		1447B1A3232B34A000F4DA90 /* PBXTargetDependency */ = {
			isa = PBXTargetDependency;
			target = 1447B181232B349F00F4DA90 /* Person UI */;
			targetProxy = 1447B1A2232B34A000F4DA90 /* PBXContainerItemProxy */;
		};
/* End PBXTargetDependency section */

/* Begin PBXVariantGroup section */
		1447B189232B349F00F4DA90 /* Main.storyboard */ = {
			isa = PBXVariantGroup;
			children = (
				1447B18A232B349F00F4DA90 /* Base */,
			);
			name = Main.storyboard;
			sourceTree = "<group>";
		};
		1447B18E232B34A000F4DA90 /* LaunchScreen.storyboard */ = {
			isa = PBXVariantGroup;
			children = (
				1447B18F232B34A000F4DA90 /* Base */,
			);
			name = LaunchScreen.storyboard;
			sourceTree = "<group>";
		};
/* End PBXVariantGroup section */

/* Begin XCBuildConfiguration section */
		1447B1A8232B34A000F4DA90 /* Debug */ = {
			isa = XCBuildConfiguration;
			buildSettings = {
				ALWAYS_SEARCH_USER_PATHS = NO;
				CLANG_ANALYZER_NONNULL = YES;
				CLANG_ANALYZER_NUMBER_OBJECT_CONVERSION = YES_AGGRESSIVE;
				CLANG_CXX_LANGUAGE_STANDARD = "gnu++14";
				CLANG_CXX_LIBRARY = "libc++";
				CLANG_ENABLE_MODULES = YES;
				CLANG_ENABLE_OBJC_ARC = YES;
				CLANG_ENABLE_OBJC_WEAK = YES;
				CLANG_WARN_BLOCK_CAPTURE_AUTORELEASING = YES;
				CLANG_WARN_BOOL_CONVERSION = YES;
				CLANG_WARN_COMMA = YES;
				CLANG_WARN_CONSTANT_CONVERSION = YES;
				CLANG_WARN_DEPRECATED_OBJC_IMPLEMENTATIONS = YES;
				CLANG_WARN_DIRECT_OBJC_ISA_USAGE = YES_ERROR;
				CLANG_WARN_DOCUMENTATION_COMMENTS = YES;
				CLANG_WARN_EMPTY_BODY = YES;
				CLANG_WARN_ENUM_CONVERSION = YES;
				CLANG_WARN_INFINITE_RECURSION = YES;
				CLANG_WARN_INT_CONVERSION = YES;
				CLANG_WARN_NON_LITERAL_NULL_CONVERSION = YES;
				CLANG_WARN_OBJC_IMPLICIT_RETAIN_SELF = YES;
				CLANG_WARN_OBJC_LITERAL_CONVERSION = YES;
				CLANG_WARN_OBJC_ROOT_CLASS = YES_ERROR;
				CLANG_WARN_RANGE_LOOP_ANALYSIS = YES;
				CLANG_WARN_STRICT_PROTOTYPES = YES;
				CLANG_WARN_SUSPICIOUS_MOVE = YES;
				CLANG_WARN_UNGUARDED_AVAILABILITY = YES_AGGRESSIVE;
				CLANG_WARN_UNREACHABLE_CODE = YES;
				CLANG_WARN__DUPLICATE_METHOD_MATCH = YES;
				CODE_SIGN_IDENTITY = "iPhone Developer";
				COPY_PHASE_STRIP = NO;
				DEBUG_INFORMATION_FORMAT = dwarf;
				ENABLE_STRICT_OBJC_MSGSEND = YES;
				ENABLE_TESTABILITY = YES;
				GCC_C_LANGUAGE_STANDARD = gnu11;
				GCC_DYNAMIC_NO_PIC = NO;
				GCC_NO_COMMON_BLOCKS = YES;
				GCC_OPTIMIZATION_LEVEL = 0;
				GCC_PREPROCESSOR_DEFINITIONS = (
					"DEBUG=1",
					"$(inherited)",
				);
				GCC_WARN_64_TO_32_BIT_CONVERSION = YES;
				GCC_WARN_ABOUT_RETURN_TYPE = YES_ERROR;
				GCC_WARN_UNDECLARED_SELECTOR = YES;
				GCC_WARN_UNINITIALIZED_AUTOS = YES_AGGRESSIVE;
				GCC_WARN_UNUSED_FUNCTION = YES;
				GCC_WARN_UNUSED_VARIABLE = YES;
				IPHONEOS_DEPLOYMENT_TARGET = 12.4;
				MTL_ENABLE_DEBUG_INFO = INCLUDE_SOURCE;
				MTL_FAST_MATH = YES;
				ONLY_ACTIVE_ARCH = YES;
				SDKROOT = iphoneos;
				SWIFT_ACTIVE_COMPILATION_CONDITIONS = DEBUG;
				SWIFT_OPTIMIZATION_LEVEL = "-Onone";
			};
			name = Debug;
		};
		1447B1A9232B34A000F4DA90 /* Release */ = {
			isa = XCBuildConfiguration;
			buildSettings = {
				ALWAYS_SEARCH_USER_PATHS = NO;
				CLANG_ANALYZER_NONNULL = YES;
				CLANG_ANALYZER_NUMBER_OBJECT_CONVERSION = YES_AGGRESSIVE;
				CLANG_CXX_LANGUAGE_STANDARD = "gnu++14";
				CLANG_CXX_LIBRARY = "libc++";
				CLANG_ENABLE_MODULES = YES;
				CLANG_ENABLE_OBJC_ARC = YES;
				CLANG_ENABLE_OBJC_WEAK = YES;
				CLANG_WARN_BLOCK_CAPTURE_AUTORELEASING = YES;
				CLANG_WARN_BOOL_CONVERSION = YES;
				CLANG_WARN_COMMA = YES;
				CLANG_WARN_CONSTANT_CONVERSION = YES;
				CLANG_WARN_DEPRECATED_OBJC_IMPLEMENTATIONS = YES;
				CLANG_WARN_DIRECT_OBJC_ISA_USAGE = YES_ERROR;
				CLANG_WARN_DOCUMENTATION_COMMENTS = YES;
				CLANG_WARN_EMPTY_BODY = YES;
				CLANG_WARN_ENUM_CONVERSION = YES;
				CLANG_WARN_INFINITE_RECURSION = YES;
				CLANG_WARN_INT_CONVERSION = YES;
				CLANG_WARN_NON_LITERAL_NULL_CONVERSION = YES;
				CLANG_WARN_OBJC_IMPLICIT_RETAIN_SELF = YES;
				CLANG_WARN_OBJC_LITERAL_CONVERSION = YES;
				CLANG_WARN_OBJC_ROOT_CLASS = YES_ERROR;
				CLANG_WARN_RANGE_LOOP_ANALYSIS = YES;
				CLANG_WARN_STRICT_PROTOTYPES = YES;
				CLANG_WARN_SUSPICIOUS_MOVE = YES;
				CLANG_WARN_UNGUARDED_AVAILABILITY = YES_AGGRESSIVE;
				CLANG_WARN_UNREACHABLE_CODE = YES;
				CLANG_WARN__DUPLICATE_METHOD_MATCH = YES;
				CODE_SIGN_IDENTITY = "iPhone Developer";
				COPY_PHASE_STRIP = NO;
				DEBUG_INFORMATION_FORMAT = "dwarf-with-dsym";
				ENABLE_NS_ASSERTIONS = NO;
				ENABLE_STRICT_OBJC_MSGSEND = YES;
				GCC_C_LANGUAGE_STANDARD = gnu11;
				GCC_NO_COMMON_BLOCKS = YES;
				GCC_WARN_64_TO_32_BIT_CONVERSION = YES;
				GCC_WARN_ABOUT_RETURN_TYPE = YES_ERROR;
				GCC_WARN_UNDECLARED_SELECTOR = YES;
				GCC_WARN_UNINITIALIZED_AUTOS = YES_AGGRESSIVE;
				GCC_WARN_UNUSED_FUNCTION = YES;
				GCC_WARN_UNUSED_VARIABLE = YES;
				IPHONEOS_DEPLOYMENT_TARGET = 12.4;
				MTL_ENABLE_DEBUG_INFO = NO;
				MTL_FAST_MATH = YES;
				SDKROOT = iphoneos;
				SWIFT_COMPILATION_MODE = wholemodule;
				SWIFT_OPTIMIZATION_LEVEL = "-O";
				VALIDATE_PRODUCT = YES;
			};
			name = Release;
		};
		1447B1AB232B34A000F4DA90 /* Debug */ = {
			isa = XCBuildConfiguration;
			buildSettings = {
				ASSETCATALOG_COMPILER_APPICON_NAME = AppIcon;
				CODE_SIGN_STYLE = Automatic;
				DEVELOPMENT_TEAM = PR4DKU7GZT;
				INFOPLIST_FILE = "Person UI/Info.plist";
				LD_RUNPATH_SEARCH_PATHS = (
					"$(inherited)",
					"@executable_path/Frameworks",
				);
				PRODUCT_BUNDLE_IDENTIFIER = "com.example.HelloWorld8296.Person-UI";
				PRODUCT_NAME = "$(TARGET_NAME)";
				SWIFT_VERSION = 5.0;
				TARGETED_DEVICE_FAMILY = "1,2";
			};
			name = Debug;
		};
		1447B1AC232B34A000F4DA90 /* Release */ = {
			isa = XCBuildConfiguration;
			buildSettings = {
				ASSETCATALOG_COMPILER_APPICON_NAME = AppIcon;
				CODE_SIGN_STYLE = Automatic;
				DEVELOPMENT_TEAM = PR4DKU7GZT;
				INFOPLIST_FILE = "Person UI/Info.plist";
				LD_RUNPATH_SEARCH_PATHS = (
					"$(inherited)",
					"@executable_path/Frameworks",
				);
				PRODUCT_BUNDLE_IDENTIFIER = "com.example.HelloWorld8296.Person-UI";
				PRODUCT_NAME = "$(TARGET_NAME)";
				SWIFT_VERSION = 5.0;
				TARGETED_DEVICE_FAMILY = "1,2";
			};
			name = Release;
		};
		1447B1AE232B34A000F4DA90 /* Debug */ = {
			isa = XCBuildConfiguration;
			buildSettings = {
				ALWAYS_EMBED_SWIFT_STANDARD_LIBRARIES = YES;
				BUNDLE_LOADER = "$(TEST_HOST)";
				CODE_SIGN_STYLE = Automatic;
				DEVELOPMENT_TEAM = PR4DKU7GZT;
				INFOPLIST_FILE = "Person UITests/Info.plist";
				LD_RUNPATH_SEARCH_PATHS = (
					"$(inherited)",
					"@executable_path/Frameworks",
					"@loader_path/Frameworks",
				);
				PRODUCT_BUNDLE_IDENTIFIER = "com.example.HelloWorld8296.Person-UITests";
				PRODUCT_NAME = "$(TARGET_NAME)";
				SWIFT_VERSION = 5.0;
				TARGETED_DEVICE_FAMILY = "1,2";
				TEST_HOST = "$(BUILT_PRODUCTS_DIR)/Person UI.app/Person UI";
			};
			name = Debug;
		};
		1447B1AF232B34A000F4DA90 /* Release */ = {
			isa = XCBuildConfiguration;
			buildSettings = {
				ALWAYS_EMBED_SWIFT_STANDARD_LIBRARIES = YES;
				BUNDLE_LOADER = "$(TEST_HOST)";
				CODE_SIGN_STYLE = Automatic;
				DEVELOPMENT_TEAM = PR4DKU7GZT;
				INFOPLIST_FILE = "Person UITests/Info.plist";
				LD_RUNPATH_SEARCH_PATHS = (
					"$(inherited)",
					"@executable_path/Frameworks",
					"@loader_path/Frameworks",
				);
				PRODUCT_BUNDLE_IDENTIFIER = "com.example.HelloWorld8296.Person-UITests";
				PRODUCT_NAME = "$(TARGET_NAME)";
				SWIFT_VERSION = 5.0;
				TARGETED_DEVICE_FAMILY = "1,2";
				TEST_HOST = "$(BUILT_PRODUCTS_DIR)/Person UI.app/Person UI";
			};
			name = Release;
		};
		1447B1B1232B34A000F4DA90 /* Debug */ = {
			isa = XCBuildConfiguration;
			buildSettings = {
				ALWAYS_EMBED_SWIFT_STANDARD_LIBRARIES = YES;
				CODE_SIGN_STYLE = Automatic;
				DEVELOPMENT_TEAM = PR4DKU7GZT;
				INFOPLIST_FILE = "Person UIUITests/Info.plist";
				LD_RUNPATH_SEARCH_PATHS = (
					"$(inherited)",
					"@executable_path/Frameworks",
					"@loader_path/Frameworks",
				);
				PRODUCT_BUNDLE_IDENTIFIER = "com.example.HelloWorld8296.Person-UIUITests";
				PRODUCT_NAME = "$(TARGET_NAME)";
				SWIFT_VERSION = 5.0;
				TARGETED_DEVICE_FAMILY = "1,2";
				TEST_TARGET_NAME = "Person UI";
			};
			name = Debug;
		};
		1447B1B2232B34A000F4DA90 /* Release */ = {
			isa = XCBuildConfiguration;
			buildSettings = {
				ALWAYS_EMBED_SWIFT_STANDARD_LIBRARIES = YES;
				CODE_SIGN_STYLE = Automatic;
				DEVELOPMENT_TEAM = PR4DKU7GZT;
				INFOPLIST_FILE = "Person UIUITests/Info.plist";
				LD_RUNPATH_SEARCH_PATHS = (
					"$(inherited)",
					"@executable_path/Frameworks",
					"@loader_path/Frameworks",
				);
				PRODUCT_BUNDLE_IDENTIFIER = "com.example.HelloWorld8296.Person-UIUITests";
				PRODUCT_NAME = "$(TARGET_NAME)";
				SWIFT_VERSION = 5.0;
				TARGETED_DEVICE_FAMILY = "1,2";
				TEST_TARGET_NAME = "Person UI";
			};
			name = Release;
		};
/* End XCBuildConfiguration section */

/* Begin XCConfigurationList section */
		1447B17D232B349F00F4DA90 /* Build configuration list for PBXProject "Person UI" */ = {
			isa = XCConfigurationList;
			buildConfigurations = (
				1447B1A8232B34A000F4DA90 /* Debug */,
				1447B1A9232B34A000F4DA90 /* Release */,
			);
			defaultConfigurationIsVisible = 0;
			defaultConfigurationName = Release;
		};
		1447B1AA232B34A000F4DA90 /* Build configuration list for PBXNativeTarget "Person UI" */ = {
			isa = XCConfigurationList;
			buildConfigurations = (
				1447B1AB232B34A000F4DA90 /* Debug */,
				1447B1AC232B34A000F4DA90 /* Release */,
			);
			defaultConfigurationIsVisible = 0;
			defaultConfigurationName = Release;
		};
		1447B1AD232B34A000F4DA90 /* Build configuration list for PBXNativeTarget "Person UITests" */ = {
			isa = XCConfigurationList;
			buildConfigurations = (
				1447B1AE232B34A000F4DA90 /* Debug */,
				1447B1AF232B34A000F4DA90 /* Release */,
			);
			defaultConfigurationIsVisible = 0;
			defaultConfigurationName = Release;
		};
		1447B1B0232B34A000F4DA90 /* Build configuration list for PBXNativeTarget "Person UIUITests" */ = {
			isa = XCConfigurationList;
			buildConfigurations = (
				1447B1B1232B34A000F4DA90 /* Debug */,
				1447B1B2232B34A000F4DA90 /* Release */,
			);
			defaultConfigurationIsVisible = 0;
			defaultConfigurationName = Release;
		};
/* End XCConfigurationList section */
	};
	rootObject = 1447B17A232B349F00F4DA90 /* Project object */;
}
