// !$*UTF8*$!
{
	archiveVersion = 1;
	classes = {
	};
	objectVersion = 50;
	objects = {

/* Begin PBXBuildFile section */
		145F750D2347C9D100D6F177 /* AppDelegate.swift in Sources */ = {isa = PBXBuildFile; fileRef = 145F750C2347C9D100D6F177 /* AppDelegate.swift */; };
		145F750F2347C9D100D6F177 /* SceneDelegate.swift in Sources */ = {isa = PBXBuildFile; fileRef = 145F750E2347C9D100D6F177 /* SceneDelegate.swift */; };
		145F75142347C9D100D6F177 /* Main.storyboard in Resources */ = {isa = PBXBuildFile; fileRef = 145F75122347C9D100D6F177 /* Main.storyboard */; };
		145F75162347C9D100D6F177 /* Assets.xcassets in Resources */ = {isa = PBXBuildFile; fileRef = 145F75152347C9D100D6F177 /* Assets.xcassets */; };
		145F75192347C9D100D6F177 /* LaunchScreen.storyboard in Resources */ = {isa = PBXBuildFile; fileRef = 145F75172347C9D100D6F177 /* LaunchScreen.storyboard */; };
		145F75242347C9D200D6F177 /* ColorsTests.swift in Sources */ = {isa = PBXBuildFile; fileRef = 145F75232347C9D200D6F177 /* ColorsTests.swift */; };
		145F752F2347C9D200D6F177 /* ColorsUITests.swift in Sources */ = {isa = PBXBuildFile; fileRef = 145F752E2347C9D200D6F177 /* ColorsUITests.swift */; };
		145F753D2347C9F200D6F177 /* ColorsTableViewController.swift in Sources */ = {isa = PBXBuildFile; fileRef = 145F753C2347C9F200D6F177 /* ColorsTableViewController.swift */; };
/* End PBXBuildFile section */

/* Begin PBXContainerItemProxy section */
		145F75202347C9D200D6F177 /* PBXContainerItemProxy */ = {
			isa = PBXContainerItemProxy;
			containerPortal = 145F75012347C9D100D6F177 /* Project object */;
			proxyType = 1;
			remoteGlobalIDString = 145F75082347C9D100D6F177;
			remoteInfo = Colors;
		};
		145F752B2347C9D200D6F177 /* PBXContainerItemProxy */ = {
			isa = PBXContainerItemProxy;
			containerPortal = 145F75012347C9D100D6F177 /* Project object */;
			proxyType = 1;
			remoteGlobalIDString = 145F75082347C9D100D6F177;
			remoteInfo = Colors;
		};
/* End PBXContainerItemProxy section */

/* Begin PBXFileReference section */
		145F75092347C9D100D6F177 /* Colors.app */ = {isa = PBXFileReference; explicitFileType = wrapper.application; includeInIndex = 0; path = Colors.app; sourceTree = BUILT_PRODUCTS_DIR; };
		145F750C2347C9D100D6F177 /* AppDelegate.swift */ = {isa = PBXFileReference; lastKnownFileType = sourcecode.swift; path = AppDelegate.swift; sourceTree = "<group>"; };
		145F750E2347C9D100D6F177 /* SceneDelegate.swift */ = {isa = PBXFileReference; lastKnownFileType = sourcecode.swift; path = SceneDelegate.swift; sourceTree = "<group>"; };
		145F75132347C9D100D6F177 /* Base */ = {isa = PBXFileReference; lastKnownFileType = file.storyboard; name = Base; path = Base.lproj/Main.storyboard; sourceTree = "<group>"; };
		145F75152347C9D100D6F177 /* Assets.xcassets */ = {isa = PBXFileReference; lastKnownFileType = folder.assetcatalog; path = Assets.xcassets; sourceTree = "<group>"; };
		145F75182347C9D100D6F177 /* Base */ = {isa = PBXFileReference; lastKnownFileType = file.storyboard; name = Base; path = Base.lproj/LaunchScreen.storyboard; sourceTree = "<group>"; };
		145F751A2347C9D100D6F177 /* Info.plist */ = {isa = PBXFileReference; lastKnownFileType = text.plist.xml; path = Info.plist; sourceTree = "<group>"; };
		145F751F2347C9D200D6F177 /* ColorsTests.xctest */ = {isa = PBXFileReference; explicitFileType = wrapper.cfbundle; includeInIndex = 0; path = ColorsTests.xctest; sourceTree = BUILT_PRODUCTS_DIR; };
		145F75232347C9D200D6F177 /* ColorsTests.swift */ = {isa = PBXFileReference; lastKnownFileType = sourcecode.swift; path = ColorsTests.swift; sourceTree = "<group>"; };
		145F75252347C9D200D6F177 /* Info.plist */ = {isa = PBXFileReference; lastKnownFileType = text.plist.xml; path = Info.plist; sourceTree = "<group>"; };
		145F752A2347C9D200D6F177 /* ColorsUITests.xctest */ = {isa = PBXFileReference; explicitFileType = wrapper.cfbundle; includeInIndex = 0; path = ColorsUITests.xctest; sourceTree = BUILT_PRODUCTS_DIR; };
		145F752E2347C9D200D6F177 /* ColorsUITests.swift */ = {isa = PBXFileReference; lastKnownFileType = sourcecode.swift; path = ColorsUITests.swift; sourceTree = "<group>"; };
		145F75302347C9D200D6F177 /* Info.plist */ = {isa = PBXFileReference; lastKnownFileType = text.plist.xml; path = Info.plist; sourceTree = "<group>"; };
		145F753C2347C9F200D6F177 /* ColorsTableViewController.swift */ = {isa = PBXFileReference; lastKnownFileType = sourcecode.swift; path = ColorsTableViewController.swift; sourceTree = "<group>"; };
/* End PBXFileReference section */

/* Begin PBXFrameworksBuildPhase section */
		145F75062347C9D100D6F177 /* Frameworks */ = {
			isa = PBXFrameworksBuildPhase;
			buildActionMask = 2147483647;
			files = (
			);
			runOnlyForDeploymentPostprocessing = 0;
		};
		145F751C2347C9D200D6F177 /* Frameworks */ = {
			isa = PBXFrameworksBuildPhase;
			buildActionMask = 2147483647;
			files = (
			);
			runOnlyForDeploymentPostprocessing = 0;
		};
		145F75272347C9D200D6F177 /* Frameworks */ = {
			isa = PBXFrameworksBuildPhase;
			buildActionMask = 2147483647;
			files = (
			);
			runOnlyForDeploymentPostprocessing = 0;
		};
/* End PBXFrameworksBuildPhase section */

/* Begin PBXGroup section */
		145F75002347C9D100D6F177 = {
			isa = PBXGroup;
			children = (
				145F750B2347C9D100D6F177 /* Colors */,
				145F75222347C9D200D6F177 /* ColorsTests */,
				145F752D2347C9D200D6F177 /* ColorsUITests */,
				145F750A2347C9D100D6F177 /* Products */,
			);
			sourceTree = "<group>";
		};
		145F750A2347C9D100D6F177 /* Products */ = {
			isa = PBXGroup;
			children = (
				145F75092347C9D100D6F177 /* Colors.app */,
				145F751F2347C9D200D6F177 /* ColorsTests.xctest */,
				145F752A2347C9D200D6F177 /* ColorsUITests.xctest */,
			);
			name = Products;
			sourceTree = "<group>";
		};
		145F750B2347C9D100D6F177 /* Colors */ = {
			isa = PBXGroup;
			children = (
				145F750C2347C9D100D6F177 /* AppDelegate.swift */,
				145F750E2347C9D100D6F177 /* SceneDelegate.swift */,
				145F75122347C9D100D6F177 /* Main.storyboard */,
				145F75152347C9D100D6F177 /* Assets.xcassets */,
				145F75172347C9D100D6F177 /* LaunchScreen.storyboard */,
				145F751A2347C9D100D6F177 /* Info.plist */,
				145F753C2347C9F200D6F177 /* ColorsTableViewController.swift */,
			);
			path = Colors;
			sourceTree = "<group>";
		};
		145F75222347C9D200D6F177 /* ColorsTests */ = {
			isa = PBXGroup;
			children = (
				145F75232347C9D200D6F177 /* ColorsTests.swift */,
				145F75252347C9D200D6F177 /* Info.plist */,
			);
			path = ColorsTests;
			sourceTree = "<group>";
		};
		145F752D2347C9D200D6F177 /* ColorsUITests */ = {
			isa = PBXGroup;
			children = (
				145F752E2347C9D200D6F177 /* ColorsUITests.swift */,
				145F75302347C9D200D6F177 /* Info.plist */,
			);
			path = ColorsUITests;
			sourceTree = "<group>";
		};
/* End PBXGroup section */

/* Begin PBXNativeTarget section */
		145F75082347C9D100D6F177 /* Colors */ = {
			isa = PBXNativeTarget;
			buildConfigurationList = 145F75332347C9D200D6F177 /* Build configuration list for PBXNativeTarget "Colors" */;
			buildPhases = (
				145F75052347C9D100D6F177 /* Sources */,
				145F75062347C9D100D6F177 /* Frameworks */,
				145F75072347C9D100D6F177 /* Resources */,
			);
			buildRules = (
			);
			dependencies = (
			);
			name = Colors;
			productName = Colors;
			productReference = 145F75092347C9D100D6F177 /* Colors.app */;
			productType = "com.apple.product-type.application";
		};
		145F751E2347C9D200D6F177 /* ColorsTests */ = {
			isa = PBXNativeTarget;
			buildConfigurationList = 145F75362347C9D200D6F177 /* Build configuration list for PBXNativeTarget "ColorsTests" */;
			buildPhases = (
				145F751B2347C9D200D6F177 /* Sources */,
				145F751C2347C9D200D6F177 /* Frameworks */,
				145F751D2347C9D200D6F177 /* Resources */,
			);
			buildRules = (
			);
			dependencies = (
				145F75212347C9D200D6F177 /* PBXTargetDependency */,
			);
			name = ColorsTests;
			productName = ColorsTests;
			productReference = 145F751F2347C9D200D6F177 /* ColorsTests.xctest */;
			productType = "com.apple.product-type.bundle.unit-test";
		};
		145F75292347C9D200D6F177 /* ColorsUITests */ = {
			isa = PBXNativeTarget;
			buildConfigurationList = 145F75392347C9D200D6F177 /* Build configuration list for PBXNativeTarget "ColorsUITests" */;
			buildPhases = (
				145F75262347C9D200D6F177 /* Sources */,
				145F75272347C9D200D6F177 /* Frameworks */,
				145F75282347C9D200D6F177 /* Resources */,
			);
			buildRules = (
			);
			dependencies = (
				145F752C2347C9D200D6F177 /* PBXTargetDependency */,
			);
			name = ColorsUITests;
			productName = ColorsUITests;
			productReference = 145F752A2347C9D200D6F177 /* ColorsUITests.xctest */;
			productType = "com.apple.product-type.bundle.ui-testing";
		};
/* End PBXNativeTarget section */

/* Begin PBXProject section */
		145F75012347C9D100D6F177 /* Project object */ = {
			isa = PBXProject;
			attributes = {
				LastSwiftUpdateCheck = 1100;
				LastUpgradeCheck = 1100;
				ORGANIZATIONNAME = "Armaja LaRue-Hill";
				TargetAttributes = {
					145F75082347C9D100D6F177 = {
						CreatedOnToolsVersion = 11.0;
					};
					145F751E2347C9D200D6F177 = {
						CreatedOnToolsVersion = 11.0;
						TestTargetID = 145F75082347C9D100D6F177;
					};
					145F75292347C9D200D6F177 = {
						CreatedOnToolsVersion = 11.0;
						TestTargetID = 145F75082347C9D100D6F177;
					};
				};
			};
			buildConfigurationList = 145F75042347C9D100D6F177 /* Build configuration list for PBXProject "Colors" */;
			compatibilityVersion = "Xcode 9.3";
			developmentRegion = en;
			hasScannedForEncodings = 0;
			knownRegions = (
				en,
				Base,
			);
			mainGroup = 145F75002347C9D100D6F177;
			productRefGroup = 145F750A2347C9D100D6F177 /* Products */;
			projectDirPath = "";
			projectRoot = "";
			targets = (
				145F75082347C9D100D6F177 /* Colors */,
				145F751E2347C9D200D6F177 /* ColorsTests */,
				145F75292347C9D200D6F177 /* ColorsUITests */,
			);
		};
/* End PBXProject section */

/* Begin PBXResourcesBuildPhase section */
		145F75072347C9D100D6F177 /* Resources */ = {
			isa = PBXResourcesBuildPhase;
			buildActionMask = 2147483647;
			files = (
				145F75192347C9D100D6F177 /* LaunchScreen.storyboard in Resources */,
				145F75162347C9D100D6F177 /* Assets.xcassets in Resources */,
				145F75142347C9D100D6F177 /* Main.storyboard in Resources */,
			);
			runOnlyForDeploymentPostprocessing = 0;
		};
		145F751D2347C9D200D6F177 /* Resources */ = {
			isa = PBXResourcesBuildPhase;
			buildActionMask = 2147483647;
			files = (
			);
			runOnlyForDeploymentPostprocessing = 0;
		};
		145F75282347C9D200D6F177 /* Resources */ = {
			isa = PBXResourcesBuildPhase;
			buildActionMask = 2147483647;
			files = (
			);
			runOnlyForDeploymentPostprocessing = 0;
		};
/* End PBXResourcesBuildPhase section */

/* Begin PBXSourcesBuildPhase section */
		145F75052347C9D100D6F177 /* Sources */ = {
			isa = PBXSourcesBuildPhase;
			buildActionMask = 2147483647;
			files = (
				145F750D2347C9D100D6F177 /* AppDelegate.swift in Sources */,
				145F750F2347C9D100D6F177 /* SceneDelegate.swift in Sources */,
				145F753D2347C9F200D6F177 /* ColorsTableViewController.swift in Sources */,
			);
			runOnlyForDeploymentPostprocessing = 0;
		};
		145F751B2347C9D200D6F177 /* Sources */ = {
			isa = PBXSourcesBuildPhase;
			buildActionMask = 2147483647;
			files = (
				145F75242347C9D200D6F177 /* ColorsTests.swift in Sources */,
			);
			runOnlyForDeploymentPostprocessing = 0;
		};
		145F75262347C9D200D6F177 /* Sources */ = {
			isa = PBXSourcesBuildPhase;
			buildActionMask = 2147483647;
			files = (
				145F752F2347C9D200D6F177 /* ColorsUITests.swift in Sources */,
			);
			runOnlyForDeploymentPostprocessing = 0;
		};
/* End PBXSourcesBuildPhase section */

/* Begin PBXTargetDependency section */
		145F75212347C9D200D6F177 /* PBXTargetDependency */ = {
			isa = PBXTargetDependency;
			target = 145F75082347C9D100D6F177 /* Colors */;
			targetProxy = 145F75202347C9D200D6F177 /* PBXContainerItemProxy */;
		};
		145F752C2347C9D200D6F177 /* PBXTargetDependency */ = {
			isa = PBXTargetDependency;
			target = 145F75082347C9D100D6F177 /* Colors */;
			targetProxy = 145F752B2347C9D200D6F177 /* PBXContainerItemProxy */;
		};
/* End PBXTargetDependency section */

/* Begin PBXVariantGroup section */
		145F75122347C9D100D6F177 /* Main.storyboard */ = {
			isa = PBXVariantGroup;
			children = (
				145F75132347C9D100D6F177 /* Base */,
			);
			name = Main.storyboard;
			sourceTree = "<group>";
		};
		145F75172347C9D100D6F177 /* LaunchScreen.storyboard */ = {
			isa = PBXVariantGroup;
			children = (
				145F75182347C9D100D6F177 /* Base */,
			);
			name = LaunchScreen.storyboard;
			sourceTree = "<group>";
		};
/* End PBXVariantGroup section */

/* Begin XCBuildConfiguration section */
		145F75312347C9D200D6F177 /* Debug */ = {
			isa = XCBuildConfiguration;
			buildSettings = {
				ALWAYS_SEARCH_USER_PATHS = NO;
				CLANG_ANALYZER_NONNULL = YES;
				CLANG_ANALYZER_NUMBER_OBJECT_CONVERSION = YES_AGGRESSIVE;
				CLANG_CXX_LANGUAGE_STANDARD = "gnu++14";
				CLANG_CXX_LIBRARY = "libc++";
				CLANG_ENABLE_MODULES = YES;
				CLANG_ENABLE_OBJC_ARC = YES;
				CLANG_ENABLE_OBJC_WEAK = YES;
				CLANG_WARN_BLOCK_CAPTURE_AUTORELEASING = YES;
				CLANG_WARN_BOOL_CONVERSION = YES;
				CLANG_WARN_COMMA = YES;
				CLANG_WARN_CONSTANT_CONVERSION = YES;
				CLANG_WARN_DEPRECATED_OBJC_IMPLEMENTATIONS = YES;
				CLANG_WARN_DIRECT_OBJC_ISA_USAGE = YES_ERROR;
				CLANG_WARN_DOCUMENTATION_COMMENTS = YES;
				CLANG_WARN_EMPTY_BODY = YES;
				CLANG_WARN_ENUM_CONVERSION = YES;
				CLANG_WARN_INFINITE_RECURSION = YES;
				CLANG_WARN_INT_CONVERSION = YES;
				CLANG_WARN_NON_LITERAL_NULL_CONVERSION = YES;
				CLANG_WARN_OBJC_IMPLICIT_RETAIN_SELF = YES;
				CLANG_WARN_OBJC_LITERAL_CONVERSION = YES;
				CLANG_WARN_OBJC_ROOT_CLASS = YES_ERROR;
				CLANG_WARN_RANGE_LOOP_ANALYSIS = YES;
				CLANG_WARN_STRICT_PROTOTYPES = YES;
				CLANG_WARN_SUSPICIOUS_MOVE = YES;
				CLANG_WARN_UNGUARDED_AVAILABILITY = YES_AGGRESSIVE;
				CLANG_WARN_UNREACHABLE_CODE = YES;
				CLANG_WARN__DUPLICATE_METHOD_MATCH = YES;
				COPY_PHASE_STRIP = NO;
				DEBUG_INFORMATION_FORMAT = dwarf;
				ENABLE_STRICT_OBJC_MSGSEND = YES;
				ENABLE_TESTABILITY = YES;
				GCC_C_LANGUAGE_STANDARD = gnu11;
				GCC_DYNAMIC_NO_PIC = NO;
				GCC_NO_COMMON_BLOCKS = YES;
				GCC_OPTIMIZATION_LEVEL = 0;
				GCC_PREPROCESSOR_DEFINITIONS = (
					"DEBUG=1",
					"$(inherited)",
				);
				GCC_WARN_64_TO_32_BIT_CONVERSION = YES;
				GCC_WARN_ABOUT_RETURN_TYPE = YES_ERROR;
				GCC_WARN_UNDECLARED_SELECTOR = YES;
				GCC_WARN_UNINITIALIZED_AUTOS = YES_AGGRESSIVE;
				GCC_WARN_UNUSED_FUNCTION = YES;
				GCC_WARN_UNUSED_VARIABLE = YES;
				IPHONEOS_DEPLOYMENT_TARGET = 13.0;
				MTL_ENABLE_DEBUG_INFO = INCLUDE_SOURCE;
				MTL_FAST_MATH = YES;
				ONLY_ACTIVE_ARCH = YES;
				SDKROOT = iphoneos;
				SWIFT_ACTIVE_COMPILATION_CONDITIONS = DEBUG;
				SWIFT_OPTIMIZATION_LEVEL = "-Onone";
			};
			name = Debug;
		};
		145F75322347C9D200D6F177 /* Release */ = {
			isa = XCBuildConfiguration;
			buildSettings = {
				ALWAYS_SEARCH_USER_PATHS = NO;
				CLANG_ANALYZER_NONNULL = YES;
				CLANG_ANALYZER_NUMBER_OBJECT_CONVERSION = YES_AGGRESSIVE;
				CLANG_CXX_LANGUAGE_STANDARD = "gnu++14";
				CLANG_CXX_LIBRARY = "libc++";
				CLANG_ENABLE_MODULES = YES;
				CLANG_ENABLE_OBJC_ARC = YES;
				CLANG_ENABLE_OBJC_WEAK = YES;
				CLANG_WARN_BLOCK_CAPTURE_AUTORELEASING = YES;
				CLANG_WARN_BOOL_CONVERSION = YES;
				CLANG_WARN_COMMA = YES;
				CLANG_WARN_CONSTANT_CONVERSION = YES;
				CLANG_WARN_DEPRECATED_OBJC_IMPLEMENTATIONS = YES;
				CLANG_WARN_DIRECT_OBJC_ISA_USAGE = YES_ERROR;
				CLANG_WARN_DOCUMENTATION_COMMENTS = YES;
				CLANG_WARN_EMPTY_BODY = YES;
				CLANG_WARN_ENUM_CONVERSION = YES;
				CLANG_WARN_INFINITE_RECURSION = YES;
				CLANG_WARN_INT_CONVERSION = YES;
				CLANG_WARN_NON_LITERAL_NULL_CONVERSION = YES;
				CLANG_WARN_OBJC_IMPLICIT_RETAIN_SELF = YES;
				CLANG_WARN_OBJC_LITERAL_CONVERSION = YES;
				CLANG_WARN_OBJC_ROOT_CLASS = YES_ERROR;
				CLANG_WARN_RANGE_LOOP_ANALYSIS = YES;
				CLANG_WARN_STRICT_PROTOTYPES = YES;
				CLANG_WARN_SUSPICIOUS_MOVE = YES;
				CLANG_WARN_UNGUARDED_AVAILABILITY = YES_AGGRESSIVE;
				CLANG_WARN_UNREACHABLE_CODE = YES;
				CLANG_WARN__DUPLICATE_METHOD_MATCH = YES;
				COPY_PHASE_STRIP = NO;
				DEBUG_INFORMATION_FORMAT = "dwarf-with-dsym";
				ENABLE_NS_ASSERTIONS = NO;
				ENABLE_STRICT_OBJC_MSGSEND = YES;
				GCC_C_LANGUAGE_STANDARD = gnu11;
				GCC_NO_COMMON_BLOCKS = YES;
				GCC_WARN_64_TO_32_BIT_CONVERSION = YES;
				GCC_WARN_ABOUT_RETURN_TYPE = YES_ERROR;
				GCC_WARN_UNDECLARED_SELECTOR = YES;
				GCC_WARN_UNINITIALIZED_AUTOS = YES_AGGRESSIVE;
				GCC_WARN_UNUSED_FUNCTION = YES;
				GCC_WARN_UNUSED_VARIABLE = YES;
				IPHONEOS_DEPLOYMENT_TARGET = 13.0;
				MTL_ENABLE_DEBUG_INFO = NO;
				MTL_FAST_MATH = YES;
				SDKROOT = iphoneos;
				SWIFT_COMPILATION_MODE = wholemodule;
				SWIFT_OPTIMIZATION_LEVEL = "-O";
				VALIDATE_PRODUCT = YES;
			};
			name = Release;
		};
		145F75342347C9D200D6F177 /* Debug */ = {
			isa = XCBuildConfiguration;
			buildSettings = {
				ASSETCATALOG_COMPILER_APPICON_NAME = AppIcon;
				CODE_SIGN_STYLE = Automatic;
				DEVELOPMENT_TEAM = PR4DKU7GZT;
				INFOPLIST_FILE = Colors/Info.plist;
				LD_RUNPATH_SEARCH_PATHS = (
					"$(inherited)",
					"@executable_path/Frameworks",
				);
				PRODUCT_BUNDLE_IDENTIFIER = com.example.HelloWorld8296.Colors;
				PRODUCT_NAME = "$(TARGET_NAME)";
				SWIFT_VERSION = 5.0;
				TARGETED_DEVICE_FAMILY = "1,2";
			};
			name = Debug;
		};
		145F75352347C9D200D6F177 /* Release */ = {
			isa = XCBuildConfiguration;
			buildSettings = {
				ASSETCATALOG_COMPILER_APPICON_NAME = AppIcon;
				CODE_SIGN_STYLE = Automatic;
				DEVELOPMENT_TEAM = PR4DKU7GZT;
				INFOPLIST_FILE = Colors/Info.plist;
				LD_RUNPATH_SEARCH_PATHS = (
					"$(inherited)",
					"@executable_path/Frameworks",
				);
				PRODUCT_BUNDLE_IDENTIFIER = com.example.HelloWorld8296.Colors;
				PRODUCT_NAME = "$(TARGET_NAME)";
				SWIFT_VERSION = 5.0;
				TARGETED_DEVICE_FAMILY = "1,2";
			};
			name = Release;
		};
		145F75372347C9D200D6F177 /* Debug */ = {
			isa = XCBuildConfiguration;
			buildSettings = {
				ALWAYS_EMBED_SWIFT_STANDARD_LIBRARIES = YES;
				BUNDLE_LOADER = "$(TEST_HOST)";
				CODE_SIGN_STYLE = Automatic;
				DEVELOPMENT_TEAM = PR4DKU7GZT;
				INFOPLIST_FILE = ColorsTests/Info.plist;
				IPHONEOS_DEPLOYMENT_TARGET = 13.0;
				LD_RUNPATH_SEARCH_PATHS = (
					"$(inherited)",
					"@executable_path/Frameworks",
					"@loader_path/Frameworks",
				);
				PRODUCT_BUNDLE_IDENTIFIER = com.example.HelloWorld8296.ColorsTests;
				PRODUCT_NAME = "$(TARGET_NAME)";
				SWIFT_VERSION = 5.0;
				TARGETED_DEVICE_FAMILY = "1,2";
				TEST_HOST = "$(BUILT_PRODUCTS_DIR)/Colors.app/Colors";
			};
			name = Debug;
		};
		145F75382347C9D200D6F177 /* Release */ = {
			isa = XCBuildConfiguration;
			buildSettings = {
				ALWAYS_EMBED_SWIFT_STANDARD_LIBRARIES = YES;
				BUNDLE_LOADER = "$(TEST_HOST)";
				CODE_SIGN_STYLE = Automatic;
				DEVELOPMENT_TEAM = PR4DKU7GZT;
				INFOPLIST_FILE = ColorsTests/Info.plist;
				IPHONEOS_DEPLOYMENT_TARGET = 13.0;
				LD_RUNPATH_SEARCH_PATHS = (
					"$(inherited)",
					"@executable_path/Frameworks",
					"@loader_path/Frameworks",
				);
				PRODUCT_BUNDLE_IDENTIFIER = com.example.HelloWorld8296.ColorsTests;
				PRODUCT_NAME = "$(TARGET_NAME)";
				SWIFT_VERSION = 5.0;
				TARGETED_DEVICE_FAMILY = "1,2";
				TEST_HOST = "$(BUILT_PRODUCTS_DIR)/Colors.app/Colors";
			};
			name = Release;
		};
		145F753A2347C9D200D6F177 /* Debug */ = {
			isa = XCBuildConfiguration;
			buildSettings = {
				ALWAYS_EMBED_SWIFT_STANDARD_LIBRARIES = YES;
				CODE_SIGN_STYLE = Automatic;
				DEVELOPMENT_TEAM = PR4DKU7GZT;
				INFOPLIST_FILE = ColorsUITests/Info.plist;
				LD_RUNPATH_SEARCH_PATHS = (
					"$(inherited)",
					"@executable_path/Frameworks",
					"@loader_path/Frameworks",
				);
				PRODUCT_BUNDLE_IDENTIFIER = com.example.HelloWorld8296.ColorsUITests;
				PRODUCT_NAME = "$(TARGET_NAME)";
				SWIFT_VERSION = 5.0;
				TARGETED_DEVICE_FAMILY = "1,2";
				TEST_TARGET_NAME = Colors;
			};
			name = Debug;
		};
		145F753B2347C9D200D6F177 /* Release */ = {
			isa = XCBuildConfiguration;
			buildSettings = {
				ALWAYS_EMBED_SWIFT_STANDARD_LIBRARIES = YES;
				CODE_SIGN_STYLE = Automatic;
				DEVELOPMENT_TEAM = PR4DKU7GZT;
				INFOPLIST_FILE = ColorsUITests/Info.plist;
				LD_RUNPATH_SEARCH_PATHS = (
					"$(inherited)",
					"@executable_path/Frameworks",
					"@loader_path/Frameworks",
				);
				PRODUCT_BUNDLE_IDENTIFIER = com.example.HelloWorld8296.ColorsUITests;
				PRODUCT_NAME = "$(TARGET_NAME)";
				SWIFT_VERSION = 5.0;
				TARGETED_DEVICE_FAMILY = "1,2";
				TEST_TARGET_NAME = Colors;
			};
			name = Release;
		};
/* End XCBuildConfiguration section */

/* Begin XCConfigurationList section */
		145F75042347C9D100D6F177 /* Build configuration list for PBXProject "Colors" */ = {
			isa = XCConfigurationList;
			buildConfigurations = (
				145F75312347C9D200D6F177 /* Debug */,
				145F75322347C9D200D6F177 /* Release */,
			);
			defaultConfigurationIsVisible = 0;
			defaultConfigurationName = Release;
		};
		145F75332347C9D200D6F177 /* Build configuration list for PBXNativeTarget "Colors" */ = {
			isa = XCConfigurationList;
			buildConfigurations = (
				145F75342347C9D200D6F177 /* Debug */,
				145F75352347C9D200D6F177 /* Release */,
			);
			defaultConfigurationIsVisible = 0;
			defaultConfigurationName = Release;
		};
		145F75362347C9D200D6F177 /* Build configuration list for PBXNativeTarget "ColorsTests" */ = {
			isa = XCConfigurationList;
			buildConfigurations = (
				145F75372347C9D200D6F177 /* Debug */,
				145F75382347C9D200D6F177 /* Release */,
			);
			defaultConfigurationIsVisible = 0;
			defaultConfigurationName = Release;
		};
		145F75392347C9D200D6F177 /* Build configuration list for PBXNativeTarget "ColorsUITests" */ = {
			isa = XCConfigurationList;
			buildConfigurations = (
				145F753A2347C9D200D6F177 /* Debug */,
				145F753B2347C9D200D6F177 /* Release */,
			);
			defaultConfigurationIsVisible = 0;
			defaultConfigurationName = Release;
		};
/* End XCConfigurationList section */
	};
	rootObject = 145F75012347C9D100D6F177 /* Project object */;
}
